<Solution>
  <Project Path="Internal/Internal.csproj" />
  <Project Path="Storage.Core/Storage.Core.csproj" Id="555b5798-1bca-491d-ae7a-4475fdea1abc" />
  <Project Path="Storage.Infrastructure/Storage.Infrastructure.csproj" Id="065d4a25-ca01-45de-b7b0-2b531a633408" />
  <Project Path="Storage.Mvc/Storage.Mvc.csproj" />
</Solution>
